{
    "requires": true,
    "lockfileVersion": 1,
    "dependencies": {
        "@ckeditor/ckeditor5-inspector": {
            "version": "3.0.0",
            "resolved": "https://registry.npmjs.org/@ckeditor/ckeditor5-inspector/-/ckeditor5-inspector-3.0.0.tgz",
            "integrity": "sha512-dU/KOPYLf5+us70x3nn1sC0R5Zr3MDhxgkIA+Ih9CDeIJxYZoSxDe4b8TyffC4TqXta3x23vto5Pjbn5Oj1ERg==",
            "dev": true
        }
    }
}
